
Microsoft Visual Studio Solution File, Format Version 12.00
# Visual Studio Version 17
VisualStudioVersion = 17.1.32414.318
MinimumVisualStudioVersion = 10.0.40219.1
Project("{FAE04EC0-301F-11D3-BF4B-00C04F79EFBC}") = "task_29", "task_29\task_29.csproj", "{ABA45DCC-DFDC-4525-85C6-A59250D7CDE7}"
EndProject
Global
	GlobalSection(SolutionConfigurationPlatforms) = preSolution
		Debug|Any CPU = Debug|Any CPU
		Release|Any CPU = Release|Any CPU
	EndGlobalSection
	GlobalSection(ProjectConfigurationPlatforms) = postSolution
		{ABA45DCC-DFDC-4525-85C6-A59250D7CDE7}.Debug|Any CPU.ActiveCfg = Debug|Any CPU
		{ABA45DCC-DFDC-4525-85C6-A59250D7CDE7}.Debug|Any CPU.Build.0 = Debug|Any CPU
		{ABA45DCC-DFDC-4525-85C6-A59250D7CDE7}.Release|Any CPU.ActiveCfg = Release|Any CPU
		{ABA45DCC-DFDC-4525-85C6-A59250D7CDE7}.Release|Any CPU.Build.0 = Release|Any CPU
	EndGlobalSection
	GlobalSection(SolutionProperties) = preSolution
		HideSolutionNode = FALSE
	EndGlobalSection
	GlobalSection(ExtensibilityGlobals) = postSolution
		SolutionGuid = {573CBE14-3DEB-4F1A-8299-D84D31FB864D}
	EndGlobalSection
EndGlobal
