
Microsoft Visual Studio Solution File, Format Version 12.00
# Visual Studio Version 17
VisualStudioVersion = 17.1.32414.318
MinimumVisualStudioVersion = 10.0.40219.1
Project("{FAE04EC0-301F-11D3-BF4B-00C04F79EFBC}") = "task_21", "task_21\task_21.csproj", "{6680B1D2-CB41-4FAB-BD68-6EA6102B712F}"
EndProject
Global
	GlobalSection(SolutionConfigurationPlatforms) = preSolution
		Debug|Any CPU = Debug|Any CPU
		Release|Any CPU = Release|Any CPU
	EndGlobalSection
	GlobalSection(ProjectConfigurationPlatforms) = postSolution
		{6680B1D2-CB41-4FAB-BD68-6EA6102B712F}.Debug|Any CPU.ActiveCfg = Debug|Any CPU
		{6680B1D2-CB41-4FAB-BD68-6EA6102B712F}.Debug|Any CPU.Build.0 = Debug|Any CPU
		{6680B1D2-CB41-4FAB-BD68-6EA6102B712F}.Release|Any CPU.ActiveCfg = Release|Any CPU
		{6680B1D2-CB41-4FAB-BD68-6EA6102B712F}.Release|Any CPU.Build.0 = Release|Any CPU
	EndGlobalSection
	GlobalSection(SolutionProperties) = preSolution
		HideSolutionNode = FALSE
	EndGlobalSection
	GlobalSection(ExtensibilityGlobals) = postSolution
		SolutionGuid = {F80240FE-3610-45FC-8EBA-7397723288B1}
	EndGlobalSection
EndGlobal
