
Microsoft Visual Studio Solution File, Format Version 12.00
# Visual Studio Version 17
VisualStudioVersion = 17.1.32414.318
MinimumVisualStudioVersion = 10.0.40219.1
Project("{FAE04EC0-301F-11D3-BF4B-00C04F79EFBC}") = "task_15", "task_15\task_15.csproj", "{305B2417-E338-4587-A48D-DC89F7E01B8C}"
EndProject
Global
	GlobalSection(SolutionConfigurationPlatforms) = preSolution
		Debug|Any CPU = Debug|Any CPU
		Release|Any CPU = Release|Any CPU
	EndGlobalSection
	GlobalSection(ProjectConfigurationPlatforms) = postSolution
		{305B2417-E338-4587-A48D-DC89F7E01B8C}.Debug|Any CPU.ActiveCfg = Debug|Any CPU
		{305B2417-E338-4587-A48D-DC89F7E01B8C}.Debug|Any CPU.Build.0 = Debug|Any CPU
		{305B2417-E338-4587-A48D-DC89F7E01B8C}.Release|Any CPU.ActiveCfg = Release|Any CPU
		{305B2417-E338-4587-A48D-DC89F7E01B8C}.Release|Any CPU.Build.0 = Release|Any CPU
	EndGlobalSection
	GlobalSection(SolutionProperties) = preSolution
		HideSolutionNode = FALSE
	EndGlobalSection
	GlobalSection(ExtensibilityGlobals) = postSolution
		SolutionGuid = {2A66C015-3742-4974-8A3A-AA639457E7EF}
	EndGlobalSection
EndGlobal
