
Microsoft Visual Studio Solution File, Format Version 12.00
# Visual Studio Version 17
VisualStudioVersion = 17.1.32414.318
MinimumVisualStudioVersion = 10.0.40219.1
Project("{FAE04EC0-301F-11D3-BF4B-00C04F79EFBC}") = "task_60", "task_60\task_60.csproj", "{FAD79C4D-CF4F-4EAC-AFCA-0A11DCBAD7D9}"
EndProject
Global
	GlobalSection(SolutionConfigurationPlatforms) = preSolution
		Debug|Any CPU = Debug|Any CPU
		Release|Any CPU = Release|Any CPU
	EndGlobalSection
	GlobalSection(ProjectConfigurationPlatforms) = postSolution
		{FAD79C4D-CF4F-4EAC-AFCA-0A11DCBAD7D9}.Debug|Any CPU.ActiveCfg = Debug|Any CPU
		{FAD79C4D-CF4F-4EAC-AFCA-0A11DCBAD7D9}.Debug|Any CPU.Build.0 = Debug|Any CPU
		{FAD79C4D-CF4F-4EAC-AFCA-0A11DCBAD7D9}.Release|Any CPU.ActiveCfg = Release|Any CPU
		{FAD79C4D-CF4F-4EAC-AFCA-0A11DCBAD7D9}.Release|Any CPU.Build.0 = Release|Any CPU
	EndGlobalSection
	GlobalSection(SolutionProperties) = preSolution
		HideSolutionNode = FALSE
	EndGlobalSection
	GlobalSection(ExtensibilityGlobals) = postSolution
		SolutionGuid = {E01A1BF6-9B9D-4A0B-9B05-1240262627A0}
	EndGlobalSection
EndGlobal
