
Microsoft Visual Studio Solution File, Format Version 12.00
# Visual Studio Version 17
VisualStudioVersion = 17.1.32414.318
MinimumVisualStudioVersion = 10.0.40219.1
Project("{FAE04EC0-301F-11D3-BF4B-00C04F79EFBC}") = "task_68", "task_68\task_68.csproj", "{E088314D-5D0C-4FA2-8E86-493F8EFE056C}"
EndProject
Global
	GlobalSection(SolutionConfigurationPlatforms) = preSolution
		Debug|Any CPU = Debug|Any CPU
		Release|Any CPU = Release|Any CPU
	EndGlobalSection
	GlobalSection(ProjectConfigurationPlatforms) = postSolution
		{E088314D-5D0C-4FA2-8E86-493F8EFE056C}.Debug|Any CPU.ActiveCfg = Debug|Any CPU
		{E088314D-5D0C-4FA2-8E86-493F8EFE056C}.Debug|Any CPU.Build.0 = Debug|Any CPU
		{E088314D-5D0C-4FA2-8E86-493F8EFE056C}.Release|Any CPU.ActiveCfg = Release|Any CPU
		{E088314D-5D0C-4FA2-8E86-493F8EFE056C}.Release|Any CPU.Build.0 = Release|Any CPU
	EndGlobalSection
	GlobalSection(SolutionProperties) = preSolution
		HideSolutionNode = FALSE
	EndGlobalSection
	GlobalSection(ExtensibilityGlobals) = postSolution
		SolutionGuid = {30A5E33F-7172-4ACA-BD44-37D9800BED16}
	EndGlobalSection
EndGlobal
