
Microsoft Visual Studio Solution File, Format Version 12.00
# Visual Studio Version 17
VisualStudioVersion = 17.1.32414.318
MinimumVisualStudioVersion = 10.0.40219.1
Project("{FAE04EC0-301F-11D3-BF4B-00C04F79EFBC}") = "task_43", "task_43\task_43.csproj", "{DABE0C5A-415F-4BEB-9E43-A9533CB5F85E}"
EndProject
Global
	GlobalSection(SolutionConfigurationPlatforms) = preSolution
		Debug|Any CPU = Debug|Any CPU
		Release|Any CPU = Release|Any CPU
	EndGlobalSection
	GlobalSection(ProjectConfigurationPlatforms) = postSolution
		{DABE0C5A-415F-4BEB-9E43-A9533CB5F85E}.Debug|Any CPU.ActiveCfg = Debug|Any CPU
		{DABE0C5A-415F-4BEB-9E43-A9533CB5F85E}.Debug|Any CPU.Build.0 = Debug|Any CPU
		{DABE0C5A-415F-4BEB-9E43-A9533CB5F85E}.Release|Any CPU.ActiveCfg = Release|Any CPU
		{DABE0C5A-415F-4BEB-9E43-A9533CB5F85E}.Release|Any CPU.Build.0 = Release|Any CPU
	EndGlobalSection
	GlobalSection(SolutionProperties) = preSolution
		HideSolutionNode = FALSE
	EndGlobalSection
	GlobalSection(ExtensibilityGlobals) = postSolution
		SolutionGuid = {20D79636-9DA7-4647-BF5D-856574C8BE8E}
	EndGlobalSection
EndGlobal
