
Microsoft Visual Studio Solution File, Format Version 12.00
# Visual Studio Version 17
VisualStudioVersion = 17.1.32414.318
MinimumVisualStudioVersion = 10.0.40219.1
Project("{FAE04EC0-301F-11D3-BF4B-00C04F79EFBC}") = "task_47", "task_47\task_47.csproj", "{A19B5766-3D69-4A4E-8ADC-D051A8BBCD47}"
EndProject
Global
	GlobalSection(SolutionConfigurationPlatforms) = preSolution
		Debug|Any CPU = Debug|Any CPU
		Release|Any CPU = Release|Any CPU
	EndGlobalSection
	GlobalSection(ProjectConfigurationPlatforms) = postSolution
		{A19B5766-3D69-4A4E-8ADC-D051A8BBCD47}.Debug|Any CPU.ActiveCfg = Debug|Any CPU
		{A19B5766-3D69-4A4E-8ADC-D051A8BBCD47}.Debug|Any CPU.Build.0 = Debug|Any CPU
		{A19B5766-3D69-4A4E-8ADC-D051A8BBCD47}.Release|Any CPU.ActiveCfg = Release|Any CPU
		{A19B5766-3D69-4A4E-8ADC-D051A8BBCD47}.Release|Any CPU.Build.0 = Release|Any CPU
	EndGlobalSection
	GlobalSection(SolutionProperties) = preSolution
		HideSolutionNode = FALSE
	EndGlobalSection
	GlobalSection(ExtensibilityGlobals) = postSolution
		SolutionGuid = {5E21661F-4151-4B47-BA84-5BFC163BF8BA}
	EndGlobalSection
EndGlobal
